PODS:
  - LotsOfExtensions (1.1.1):
    - LotsOfExtensions/Foundation (= 1.1.1)
    - LotsOfExtensions/UIKit (= 1.1.1)
  - LotsOfExtensions/Foundation (1.1.1)
  - LotsOfExtensions/UIKit (1.1.1)
  - Then (2.7.0)
  - TinyConstraints (4.0.1)

DEPENDENCIES:
  - LotsOfExtensions (from `../`)
  - Then
  - TinyConstraints

SPEC REPOS:
  trunk:
    - Then
    - TinyConstraints

EXTERNAL SOURCES:
  LotsOfExtensions:
    :path: "../"

SPEC CHECKSUMS:
  LotsOfExtensions: 2e5a8f5a6cafd888e490501fb6c726543cb4334e
  Then: acfe0be7e98221c6204e12f8161459606d5d822d
  TinyConstraints: 8dd91295e56797648c7bc335dd20e1d91ec4c192

PODFILE CHECKSUM: e8afc74af6941d6b490d7f8cec846852e9623bc4

COCOAPODS: 1.10.1
