PODS:
  - LotsOfExtensions (1.0.0):
    - LotsOfExtensions/Foundation (= 1.0.0)
  - LotsOfExtensions/Foundation (1.0.0)
  - Then (2.7.0)

DEPENDENCIES:
  - LotsOfExtensions (from `../`)
  - Then

SPEC REPOS:
  trunk:
    - Then

EXTERNAL SOURCES:
  LotsOfExtensions:
    :path: "../"

SPEC CHECKSUMS:
  LotsOfExtensions: 484dc3600f12ab6dbe659276b90514725f498013
  Then: acfe0be7e98221c6204e12f8161459606d5d822d

PODFILE CHECKSUM: 773d68a800ad1b96f158c2332f9f0fa53efade6a

COCOAPODS: 1.10.1
